
Microsoft Visual Studio Solution File, Format Version 12.00
# Visual Studio Version 17
VisualStudioVersion = 17.0.31903.59
MinimumVisualStudioVersion = 10.0.40219.1
Project("{9A19103F-16F7-4668-BE54-9A1E7A4F7556}") = "RecordHub.IdentityService.Api", "RecordHub.IdentityService\RecordHub.IdentityService.Api\RecordHub.IdentityService.Api.csproj", "{2E8F2E2D-733E-43A3-B129-FC1A12C00BE9}"
EndProject
Project("{9A19103F-16F7-4668-BE54-9A1E7A4F7556}") = "RecordHub.IdentityService.Core", "RecordHub.IdentityService\RecordHub.IdentityService.Core\RecordHub.IdentityService.Core.csproj", "{98E887D4-08A7-4C0E-905E-6E5A9F238A8B}"
EndProject
Project("{2150E333-8FDC-42A3-9474-1A3956D46DE8}") = "RecordHub.IdentityService", "RecordHub.IdentityService", "{B9F8F39F-9E6B-41D8-8362-D5F08A7BEF81}"
EndProject
Project("{9A19103F-16F7-4668-BE54-9A1E7A4F7556}") = "RecordHub.IdentityService.Persistence", "RecordHub.IdentityService\RecordHub.IdentityService.Persistence\RecordHub.IdentityService.Persistence.csproj", "{F3349ACB-4DAF-4292-A472-3D4550B17836}"
EndProject
Project("{9A19103F-16F7-4668-BE54-9A1E7A4F7556}") = "RecordHub.IdentityService.Domain", "RecordHub.IdentityService\RecordHub.IdentityService.Domain\RecordHub.IdentityService.Domain.csproj", "{702FF8BD-874C-42E7-852E-F6A50D690075}"
EndProject
Project("{9A19103F-16F7-4668-BE54-9A1E7A4F7556}") = "RecordHub.IdentityService.Infrastructure", "RecordHub.IdentityService\RecordHub.IdentityService.Infrastructure\RecordHub.IdentityService.Infrastructure.csproj", "{8DF07400-7CEF-4BBB-9367-F68F2998625A}"
EndProject
Project("{E53339B2-1760-4266-BCC7-CA923CBCF16C}") = "docker-compose", "docker-compose.dcproj", "{5F0BBB7F-9847-4217-8DF1-5319955CFDF7}"
EndProject
Project("{2150E333-8FDC-42A3-9474-1A3956D46DE8}") = "RecordHub.MailService", "RecordHub.MailService", "{7F475E42-E4F1-4F62-A42A-9E8158B85855}"
EndProject
Project("{9A19103F-16F7-4668-BE54-9A1E7A4F7556}") = "RecordHub.MailService.Api", "RecordHub.MailService\RecordHub.MailService.Api\RecordHub.MailService.Api.csproj", "{A08B1940-189D-4323-A377-5610553BA67F}"
EndProject
Project("{9A19103F-16F7-4668-BE54-9A1E7A4F7556}") = "RecordHub.MailService.Infrastructure", "RecordHub.MailService\RecordHub.MailService.Infrastructure\RecordHub.MailService.Infrastructure.csproj", "{AC3EA011-29CF-45BC-AACA-C3DC2CF8549B}"
EndProject
Project("{9A19103F-16F7-4668-BE54-9A1E7A4F7556}") = "RecordHub.MailService.Application", "RecordHub.MailService\RecordHub.MailService.Application\RecordHub.MailService.Application.csproj", "{5ACA8124-CECE-4080-B383-E1A443B962B0}"
EndProject
Project("{9A19103F-16F7-4668-BE54-9A1E7A4F7556}") = "RecordHub.MailService.Domain", "RecordHub.MailService\RecordHub.MailService.Domain\RecordHub.MailService.Domain.csproj", "{2DEEB7AA-2AA6-40D7-93FA-019C8D2A6362}"
EndProject
Project("{9A19103F-16F7-4668-BE54-9A1E7A4F7556}") = "RecordHub.Gateway", "RecordHub.Gateway\RecordHub.Gateway.csproj", "{66123DEB-6B9C-4B94-8F8F-ACDF7D7BBCAA}"
EndProject
Project("{2150E333-8FDC-42A3-9474-1A3956D46DE8}") = "RecordHub.CatalogService", "RecordHub.CatalogService", "{ABD4F5C0-98D7-4516-9755-2BFC2A89333F}"
EndProject
Project("{9A19103F-16F7-4668-BE54-9A1E7A4F7556}") = "RecordHub.CatalogService.Api", "RecordHub.CatalogService\RecordHub.CatalogService.Api\RecordHub.CatalogService.Api.csproj", "{5CBF074E-7B34-4E35-8DA9-33C8EAC2EE20}"
EndProject
Project("{9A19103F-16F7-4668-BE54-9A1E7A4F7556}") = "RecordHub.CatalogService.Application", "RecordHub.CatalogService\RecordHub.CatalogService.Application\RecordHub.CatalogService.Application.csproj", "{0ECCAAFE-7415-448F-9F6E-48BFAA76AB9B}"
EndProject
Project("{9A19103F-16F7-4668-BE54-9A1E7A4F7556}") = "RecordHub.CatalogService.Domain", "RecordHub.CatalogService\RecordHub.CatalogService.Domain\RecordHub.CatalogService.Domain.csproj", "{6F5A771A-F69A-4EC7-8AAF-19F475B61828}"
EndProject
Project("{9A19103F-16F7-4668-BE54-9A1E7A4F7556}") = "RecordHub.CatalogService.Infrastructure", "RecordHub.CatalogService\RecordHub.CatalogService.Infrastructure\RecordHub.CatalogService.Infrastructure.csproj", "{FBEFD793-FA06-47C3-B435-2877CCE5B4FD}"
EndProject
Project("{9A19103F-16F7-4668-BE54-9A1E7A4F7556}") = "RecordHub.Shared", "RecordHub.Shared\RecordHub.Shared.csproj", "{76E50B8A-CE1B-4CF1-8C1E-69A67F8BAD05}"
EndProject
Global
	GlobalSection(SolutionConfigurationPlatforms) = preSolution
		Debug|Any CPU = Debug|Any CPU
		Release|Any CPU = Release|Any CPU
	EndGlobalSection
	GlobalSection(ProjectConfigurationPlatforms) = postSolution
		{2E8F2E2D-733E-43A3-B129-FC1A12C00BE9}.Debug|Any CPU.ActiveCfg = Debug|Any CPU
		{2E8F2E2D-733E-43A3-B129-FC1A12C00BE9}.Debug|Any CPU.Build.0 = Debug|Any CPU
		{2E8F2E2D-733E-43A3-B129-FC1A12C00BE9}.Release|Any CPU.ActiveCfg = Release|Any CPU
		{2E8F2E2D-733E-43A3-B129-FC1A12C00BE9}.Release|Any CPU.Build.0 = Release|Any CPU
		{98E887D4-08A7-4C0E-905E-6E5A9F238A8B}.Debug|Any CPU.ActiveCfg = Debug|Any CPU
		{98E887D4-08A7-4C0E-905E-6E5A9F238A8B}.Debug|Any CPU.Build.0 = Debug|Any CPU
		{98E887D4-08A7-4C0E-905E-6E5A9F238A8B}.Release|Any CPU.ActiveCfg = Release|Any CPU
		{98E887D4-08A7-4C0E-905E-6E5A9F238A8B}.Release|Any CPU.Build.0 = Release|Any CPU
		{F3349ACB-4DAF-4292-A472-3D4550B17836}.Debug|Any CPU.ActiveCfg = Debug|Any CPU
		{F3349ACB-4DAF-4292-A472-3D4550B17836}.Debug|Any CPU.Build.0 = Debug|Any CPU
		{F3349ACB-4DAF-4292-A472-3D4550B17836}.Release|Any CPU.ActiveCfg = Release|Any CPU
		{F3349ACB-4DAF-4292-A472-3D4550B17836}.Release|Any CPU.Build.0 = Release|Any CPU
		{702FF8BD-874C-42E7-852E-F6A50D690075}.Debug|Any CPU.ActiveCfg = Debug|Any CPU
		{702FF8BD-874C-42E7-852E-F6A50D690075}.Debug|Any CPU.Build.0 = Debug|Any CPU
		{702FF8BD-874C-42E7-852E-F6A50D690075}.Release|Any CPU.ActiveCfg = Release|Any CPU
		{702FF8BD-874C-42E7-852E-F6A50D690075}.Release|Any CPU.Build.0 = Release|Any CPU
		{8DF07400-7CEF-4BBB-9367-F68F2998625A}.Debug|Any CPU.ActiveCfg = Debug|Any CPU
		{8DF07400-7CEF-4BBB-9367-F68F2998625A}.Debug|Any CPU.Build.0 = Debug|Any CPU
		{8DF07400-7CEF-4BBB-9367-F68F2998625A}.Release|Any CPU.ActiveCfg = Release|Any CPU
		{8DF07400-7CEF-4BBB-9367-F68F2998625A}.Release|Any CPU.Build.0 = Release|Any CPU
		{5F0BBB7F-9847-4217-8DF1-5319955CFDF7}.Debug|Any CPU.ActiveCfg = Debug|Any CPU
		{5F0BBB7F-9847-4217-8DF1-5319955CFDF7}.Debug|Any CPU.Build.0 = Debug|Any CPU
		{5F0BBB7F-9847-4217-8DF1-5319955CFDF7}.Release|Any CPU.ActiveCfg = Release|Any CPU
		{5F0BBB7F-9847-4217-8DF1-5319955CFDF7}.Release|Any CPU.Build.0 = Release|Any CPU
		{A08B1940-189D-4323-A377-5610553BA67F}.Debug|Any CPU.ActiveCfg = Debug|Any CPU
		{A08B1940-189D-4323-A377-5610553BA67F}.Debug|Any CPU.Build.0 = Debug|Any CPU
		{A08B1940-189D-4323-A377-5610553BA67F}.Release|Any CPU.ActiveCfg = Release|Any CPU
		{A08B1940-189D-4323-A377-5610553BA67F}.Release|Any CPU.Build.0 = Release|Any CPU
		{AC3EA011-29CF-45BC-AACA-C3DC2CF8549B}.Debug|Any CPU.ActiveCfg = Debug|Any CPU
		{AC3EA011-29CF-45BC-AACA-C3DC2CF8549B}.Debug|Any CPU.Build.0 = Debug|Any CPU
		{AC3EA011-29CF-45BC-AACA-C3DC2CF8549B}.Release|Any CPU.ActiveCfg = Release|Any CPU
		{AC3EA011-29CF-45BC-AACA-C3DC2CF8549B}.Release|Any CPU.Build.0 = Release|Any CPU
		{5ACA8124-CECE-4080-B383-E1A443B962B0}.Debug|Any CPU.ActiveCfg = Debug|Any CPU
		{5ACA8124-CECE-4080-B383-E1A443B962B0}.Debug|Any CPU.Build.0 = Debug|Any CPU
		{5ACA8124-CECE-4080-B383-E1A443B962B0}.Release|Any CPU.ActiveCfg = Release|Any CPU
		{5ACA8124-CECE-4080-B383-E1A443B962B0}.Release|Any CPU.Build.0 = Release|Any CPU
		{2DEEB7AA-2AA6-40D7-93FA-019C8D2A6362}.Debug|Any CPU.ActiveCfg = Debug|Any CPU
		{2DEEB7AA-2AA6-40D7-93FA-019C8D2A6362}.Debug|Any CPU.Build.0 = Debug|Any CPU
		{2DEEB7AA-2AA6-40D7-93FA-019C8D2A6362}.Release|Any CPU.ActiveCfg = Release|Any CPU
		{2DEEB7AA-2AA6-40D7-93FA-019C8D2A6362}.Release|Any CPU.Build.0 = Release|Any CPU
		{66123DEB-6B9C-4B94-8F8F-ACDF7D7BBCAA}.Debug|Any CPU.ActiveCfg = Debug|Any CPU
		{66123DEB-6B9C-4B94-8F8F-ACDF7D7BBCAA}.Debug|Any CPU.Build.0 = Debug|Any CPU
		{66123DEB-6B9C-4B94-8F8F-ACDF7D7BBCAA}.Release|Any CPU.ActiveCfg = Release|Any CPU
		{66123DEB-6B9C-4B94-8F8F-ACDF7D7BBCAA}.Release|Any CPU.Build.0 = Release|Any CPU
		{5CBF074E-7B34-4E35-8DA9-33C8EAC2EE20}.Debug|Any CPU.ActiveCfg = Debug|Any CPU
		{5CBF074E-7B34-4E35-8DA9-33C8EAC2EE20}.Debug|Any CPU.Build.0 = Debug|Any CPU
		{5CBF074E-7B34-4E35-8DA9-33C8EAC2EE20}.Release|Any CPU.ActiveCfg = Release|Any CPU
		{5CBF074E-7B34-4E35-8DA9-33C8EAC2EE20}.Release|Any CPU.Build.0 = Release|Any CPU
		{0ECCAAFE-7415-448F-9F6E-48BFAA76AB9B}.Debug|Any CPU.ActiveCfg = Debug|Any CPU
		{0ECCAAFE-7415-448F-9F6E-48BFAA76AB9B}.Debug|Any CPU.Build.0 = Debug|Any CPU
		{0ECCAAFE-7415-448F-9F6E-48BFAA76AB9B}.Release|Any CPU.ActiveCfg = Release|Any CPU
		{0ECCAAFE-7415-448F-9F6E-48BFAA76AB9B}.Release|Any CPU.Build.0 = Release|Any CPU
		{6F5A771A-F69A-4EC7-8AAF-19F475B61828}.Debug|Any CPU.ActiveCfg = Debug|Any CPU
		{6F5A771A-F69A-4EC7-8AAF-19F475B61828}.Debug|Any CPU.Build.0 = Debug|Any CPU
		{6F5A771A-F69A-4EC7-8AAF-19F475B61828}.Release|Any CPU.ActiveCfg = Release|Any CPU
		{6F5A771A-F69A-4EC7-8AAF-19F475B61828}.Release|Any CPU.Build.0 = Release|Any CPU
		{FBEFD793-FA06-47C3-B435-2877CCE5B4FD}.Debug|Any CPU.ActiveCfg = Debug|Any CPU
		{FBEFD793-FA06-47C3-B435-2877CCE5B4FD}.Debug|Any CPU.Build.0 = Debug|Any CPU
		{FBEFD793-FA06-47C3-B435-2877CCE5B4FD}.Release|Any CPU.ActiveCfg = Release|Any CPU
		{FBEFD793-FA06-47C3-B435-2877CCE5B4FD}.Release|Any CPU.Build.0 = Release|Any CPU
		{76E50B8A-CE1B-4CF1-8C1E-69A67F8BAD05}.Debug|Any CPU.ActiveCfg = Debug|Any CPU
		{76E50B8A-CE1B-4CF1-8C1E-69A67F8BAD05}.Debug|Any CPU.Build.0 = Debug|Any CPU
		{76E50B8A-CE1B-4CF1-8C1E-69A67F8BAD05}.Release|Any CPU.ActiveCfg = Release|Any CPU
		{76E50B8A-CE1B-4CF1-8C1E-69A67F8BAD05}.Release|Any CPU.Build.0 = Release|Any CPU
	EndGlobalSection
	GlobalSection(SolutionProperties) = preSolution
		HideSolutionNode = FALSE
	EndGlobalSection
	GlobalSection(NestedProjects) = preSolution
		{2E8F2E2D-733E-43A3-B129-FC1A12C00BE9} = {B9F8F39F-9E6B-41D8-8362-D5F08A7BEF81}
		{98E887D4-08A7-4C0E-905E-6E5A9F238A8B} = {B9F8F39F-9E6B-41D8-8362-D5F08A7BEF81}
		{F3349ACB-4DAF-4292-A472-3D4550B17836} = {B9F8F39F-9E6B-41D8-8362-D5F08A7BEF81}
		{702FF8BD-874C-42E7-852E-F6A50D690075} = {B9F8F39F-9E6B-41D8-8362-D5F08A7BEF81}
		{8DF07400-7CEF-4BBB-9367-F68F2998625A} = {B9F8F39F-9E6B-41D8-8362-D5F08A7BEF81}
		{A08B1940-189D-4323-A377-5610553BA67F} = {7F475E42-E4F1-4F62-A42A-9E8158B85855}
		{AC3EA011-29CF-45BC-AACA-C3DC2CF8549B} = {7F475E42-E4F1-4F62-A42A-9E8158B85855}
		{5ACA8124-CECE-4080-B383-E1A443B962B0} = {7F475E42-E4F1-4F62-A42A-9E8158B85855}
		{2DEEB7AA-2AA6-40D7-93FA-019C8D2A6362} = {7F475E42-E4F1-4F62-A42A-9E8158B85855}
		{5CBF074E-7B34-4E35-8DA9-33C8EAC2EE20} = {ABD4F5C0-98D7-4516-9755-2BFC2A89333F}
		{0ECCAAFE-7415-448F-9F6E-48BFAA76AB9B} = {ABD4F5C0-98D7-4516-9755-2BFC2A89333F}
		{6F5A771A-F69A-4EC7-8AAF-19F475B61828} = {ABD4F5C0-98D7-4516-9755-2BFC2A89333F}
		{FBEFD793-FA06-47C3-B435-2877CCE5B4FD} = {ABD4F5C0-98D7-4516-9755-2BFC2A89333F}
	EndGlobalSection
	GlobalSection(ExtensibilityGlobals) = postSolution
		SolutionGuid = {BDD6659A-32F8-4085-AA8B-340D17435983}
	EndGlobalSection
EndGlobal
