
Microsoft Visual Studio Solution File, Format Version 12.00
# Visual Studio Version 17
VisualStudioVersion = 17.0.31903.59
MinimumVisualStudioVersion = 10.0.40219.1
Project("{9A19103F-16F7-4668-BE54-9A1E7A4F7556}") = "RecordHub.IdentityService.Api", "RecordHub.IdentityService\RecordHub.IdentityService.Api\RecordHub.IdentityService.Api.csproj", "{2E8F2E2D-733E-43A3-B129-FC1A12C00BE9}"
EndProject
Project("{9A19103F-16F7-4668-BE54-9A1E7A4F7556}") = "RecordHub.IdentityService.Core", "RecordHub.IdentityService\RecordHub.IdentityService.Core\RecordHub.IdentityService.Core.csproj", "{98E887D4-08A7-4C0E-905E-6E5A9F238A8B}"
EndProject
Project("{2150E333-8FDC-42A3-9474-1A3956D46DE8}") = "RecordHub.IdentityService", "RecordHub.IdentityService", "{B9F8F39F-9E6B-41D8-8362-D5F08A7BEF81}"
EndProject
Project("{9A19103F-16F7-4668-BE54-9A1E7A4F7556}") = "RecordHub.IdentityService.Persistence", "RecordHub.IdentityService\RecordHub.IdentityService.Persistence\RecordHub.IdentityService.Persistence.csproj", "{F3349ACB-4DAF-4292-A472-3D4550B17836}"
EndProject
Project("{9A19103F-16F7-4668-BE54-9A1E7A4F7556}") = "RecordHub.IdentityService.Domain", "RecordHub.IdentityService\RecordHub.IdentityService.Domain\RecordHub.IdentityService.Domain.csproj", "{702FF8BD-874C-42E7-852E-F6A50D690075}"
EndProject
Project("{9A19103F-16F7-4668-BE54-9A1E7A4F7556}") = "RecordHub.IdentityService.Infrastructure", "RecordHub.IdentityService\RecordHub.IdentityService.Infrastructure\RecordHub.IdentityService.Infrastructure.csproj", "{8DF07400-7CEF-4BBB-9367-F68F2998625A}"
EndProject
Project("{E53339B2-1760-4266-BCC7-CA923CBCF16C}") = "docker-compose", "docker-compose.dcproj", "{5F0BBB7F-9847-4217-8DF1-5319955CFDF7}"
EndProject
Project("{2150E333-8FDC-42A3-9474-1A3956D46DE8}") = "RecordHub.MailService", "RecordHub.MailService", "{7F475E42-E4F1-4F62-A42A-9E8158B85855}"
EndProject
Project("{9A19103F-16F7-4668-BE54-9A1E7A4F7556}") = "RecordHub.MailService.Api", "RecordHub.MailService\RecordHub.MailService.Api\RecordHub.MailService.Api.csproj", "{A08B1940-189D-4323-A377-5610553BA67F}"
EndProject
Project("{9A19103F-16F7-4668-BE54-9A1E7A4F7556}") = "RecordHub.MailService.Infrastructure", "RecordHub.MailService\RecordHub.MailService.Infrastructure\RecordHub.MailService.Infrastructure.csproj", "{AC3EA011-29CF-45BC-AACA-C3DC2CF8549B}"
EndProject
Project("{9A19103F-16F7-4668-BE54-9A1E7A4F7556}") = "RecordHub.MailService.Application", "RecordHub.MailService\RecordHub.MailService.Application\RecordHub.MailService.Application.csproj", "{5ACA8124-CECE-4080-B383-E1A443B962B0}"
EndProject
Project("{9A19103F-16F7-4668-BE54-9A1E7A4F7556}") = "RecordHub.Gateway", "RecordHub.Gateway\RecordHub.Gateway.csproj", "{66123DEB-6B9C-4B94-8F8F-ACDF7D7BBCAA}"
EndProject
Project("{2150E333-8FDC-42A3-9474-1A3956D46DE8}") = "RecordHub.CatalogService", "RecordHub.CatalogService", "{ABD4F5C0-98D7-4516-9755-2BFC2A89333F}"
EndProject
Project("{9A19103F-16F7-4668-BE54-9A1E7A4F7556}") = "RecordHub.CatalogService.Api", "RecordHub.CatalogService\RecordHub.CatalogService.Api\RecordHub.CatalogService.Api.csproj", "{5CBF074E-7B34-4E35-8DA9-33C8EAC2EE20}"
EndProject
Project("{9A19103F-16F7-4668-BE54-9A1E7A4F7556}") = "RecordHub.CatalogService.Application", "RecordHub.CatalogService\RecordHub.CatalogService.Application\RecordHub.CatalogService.Application.csproj", "{0ECCAAFE-7415-448F-9F6E-48BFAA76AB9B}"
EndProject
Project("{9A19103F-16F7-4668-BE54-9A1E7A4F7556}") = "RecordHub.CatalogService.Domain", "RecordHub.CatalogService\RecordHub.CatalogService.Domain\RecordHub.CatalogService.Domain.csproj", "{6F5A771A-F69A-4EC7-8AAF-19F475B61828}"
EndProject
Project("{9A19103F-16F7-4668-BE54-9A1E7A4F7556}") = "RecordHub.CatalogService.Infrastructure", "RecordHub.CatalogService\RecordHub.CatalogService.Infrastructure\RecordHub.CatalogService.Infrastructure.csproj", "{FBEFD793-FA06-47C3-B435-2877CCE5B4FD}"
EndProject
Project("{9A19103F-16F7-4668-BE54-9A1E7A4F7556}") = "RecordHub.Shared", "RecordHub.Shared\RecordHub.Shared.csproj", "{76E50B8A-CE1B-4CF1-8C1E-69A67F8BAD05}"
EndProject
Project("{2150E333-8FDC-42A3-9474-1A3956D46DE8}") = "RecordHub.BasketService", "RecordHub.BasketService", "{FD42E63E-4F96-4177-BE06-C4A9F67AC7D0}"
EndProject
Project("{9A19103F-16F7-4668-BE54-9A1E7A4F7556}") = "RecordHub.BasketService.Api", "RecordHub.BasketService\RecordHub.BasketService.Api\RecordHub.BasketService.Api.csproj", "{BC49E11A-77C4-4664-A302-B5AF867F3BFD}"
EndProject
Project("{9A19103F-16F7-4668-BE54-9A1E7A4F7556}") = "RecordHub.BasketService.Domain", "RecordHub.BasketService\RecordHub.BasketService.Domain\RecordHub.BasketService.Domain.csproj", "{F756041F-7F94-4EC1-931E-8EECFCE4B6FB}"
EndProject
Project("{9A19103F-16F7-4668-BE54-9A1E7A4F7556}") = "RecordHub.BasketService.Infrastructure", "RecordHub.BasketService\RecordHub.BasketService.Infrastructure\RecordHub.BasketService.Infrastructure.csproj", "{2BA80EDA-DF90-41AE-9367-27F61169A20A}"
EndProject
Project("{2150E333-8FDC-42A3-9474-1A3956D46DE8}") = "RecordHub.OrderingService", "RecordHub.OrderingService", "{7D2CC435-9AD5-40BA-B651-540ACE9D0879}"
EndProject
Project("{9A19103F-16F7-4668-BE54-9A1E7A4F7556}") = "RecordHub.OrderingService.Api", "RecordHub.OrderingService\RecordHub.OrderingService.Api\RecordHub.OrderingService.Api.csproj", "{18A1EB10-F3A4-48A7-A432-91A7C5F49085}"
EndProject
Project("{9A19103F-16F7-4668-BE54-9A1E7A4F7556}") = "RecordHub.OrderingService.Application", "RecordHub.OrderingService\RecordHub.OrderingService.Application\RecordHub.OrderingService.Application.csproj", "{ABCBFA5D-A454-4737-AC89-A26ED8008B8A}"
EndProject
Project("{9A19103F-16F7-4668-BE54-9A1E7A4F7556}") = "RecordHub.OrderingService.Domain", "RecordHub.OrderingService\RecordHub.OrderingService.Domain\RecordHub.OrderingService.Domain.csproj", "{DA056435-4B05-4230-B7B8-B1C1278791EE}"
EndProject
Project("{9A19103F-16F7-4668-BE54-9A1E7A4F7556}") = "RecordHub.OrderingService.Infrastructure", "RecordHub.OrderingService\RecordHub.OrderingService.Infrastructure\RecordHub.OrderingService.Infrastructure.csproj", "{0146AA25-697F-4FA0-88C6-793257C925F1}"
EndProject
Project("{9A19103F-16F7-4668-BE54-9A1E7A4F7556}") = "RecordHub.MailService.Tests", "RecordHub.MailService\RecordHub.MailService.Tests\RecordHub.MailService.Tests.csproj", "{1C1E3CD4-96AE-4949-A5DB-28C24736C94E}"
EndProject
Project("{9A19103F-16F7-4668-BE54-9A1E7A4F7556}") = "RecordHub.CatalogService.Tests", "RecordHub.CatalogService\RecordHub.CatalogService.Tests\RecordHub.CatalogService.Tests.csproj", "{2F538DFE-A942-44F8-9D92-72378F70A374}"
EndProject
Project("{9A19103F-16F7-4668-BE54-9A1E7A4F7556}") = "RecordHub.BasketService.Application", "RecordHub.BasketService\RecordHub.BasketService.Application\RecordHub.BasketService.Application.csproj", "{A0E4865F-6B6D-44AD-9AC2-D15B6DF64D06}"
EndProject
Project("{9A19103F-16F7-4668-BE54-9A1E7A4F7556}") = "RecordHub.MailService.Tests", "RecordHub.MailService\RecordHub.MailService.Tests\RecordHub.MailService.Tests.csproj", "{1C1E3CD4-96AE-4949-A5DB-28C24736C94E}"
EndProject
Project("{2150E333-8FDC-42A3-9474-1A3956D46DE8}") = "RecordHub.ChatService", "RecordHub.ChatService", "{1A638131-C350-4F56-B7BE-7BF182F2741C}"
EndProject
Project("{9A19103F-16F7-4668-BE54-9A1E7A4F7556}") = "RecordHub.ChatService.Api", "RecordHub.ChatService\RecordHub.ChatService.Api\RecordHub.ChatService.Api.csproj", "{40BB295B-B4F7-4423-B036-338842A0C2C0}"
EndProject
Project("{9A19103F-16F7-4668-BE54-9A1E7A4F7556}") = "RecordHub.ChatService.Application", "RecordHub.ChatService\RecordHub.ChatService.Application\RecordHub.ChatService.Application.csproj", "{F9F9C320-710A-430C-8EC6-B02808C84A43}"
EndProject
Project("{9A19103F-16F7-4668-BE54-9A1E7A4F7556}") = "RecordHub.ChatService.Domain", "RecordHub.ChatService\RecordHub.ChatService.Domain\RecordHub.ChatService.Domain.csproj", "{35523FA6-7D09-4D8F-B5B7-19DA3D6F47D5}"
EndProject
Project("{9A19103F-16F7-4668-BE54-9A1E7A4F7556}") = "RecordHub.ChatService.Infrastructure", "RecordHub.ChatService\RecordHub.ChatService.Infrastructure\RecordHub.ChatService.Infrastructure.csproj", "{316E63A5-9702-4E93-9961-E725FF93F581}"
EndProject
Project("{9A19103F-16F7-4668-BE54-9A1E7A4F7556}") = "RecordHub.CatalogService.Tests", "RecordHub.CatalogService\RecordHub.CatalogService.Tests\RecordHub.CatalogService.Tests.csproj", "{A9AC3DC9-DCA3-46A2-9FF8-090734313B87}"
EndProject
Global
	GlobalSection(SolutionConfigurationPlatforms) = preSolution
		Debug|Any CPU = Debug|Any CPU
		Release|Any CPU = Release|Any CPU
	EndGlobalSection
	GlobalSection(ProjectConfigurationPlatforms) = postSolution
		{2E8F2E2D-733E-43A3-B129-FC1A12C00BE9}.Debug|Any CPU.ActiveCfg = Debug|Any CPU
		{2E8F2E2D-733E-43A3-B129-FC1A12C00BE9}.Debug|Any CPU.Build.0 = Debug|Any CPU
		{2E8F2E2D-733E-43A3-B129-FC1A12C00BE9}.Release|Any CPU.ActiveCfg = Release|Any CPU
		{2E8F2E2D-733E-43A3-B129-FC1A12C00BE9}.Release|Any CPU.Build.0 = Release|Any CPU
		{98E887D4-08A7-4C0E-905E-6E5A9F238A8B}.Debug|Any CPU.ActiveCfg = Debug|Any CPU
		{98E887D4-08A7-4C0E-905E-6E5A9F238A8B}.Debug|Any CPU.Build.0 = Debug|Any CPU
		{98E887D4-08A7-4C0E-905E-6E5A9F238A8B}.Release|Any CPU.ActiveCfg = Release|Any CPU
		{98E887D4-08A7-4C0E-905E-6E5A9F238A8B}.Release|Any CPU.Build.0 = Release|Any CPU
		{F3349ACB-4DAF-4292-A472-3D4550B17836}.Debug|Any CPU.ActiveCfg = Debug|Any CPU
		{F3349ACB-4DAF-4292-A472-3D4550B17836}.Debug|Any CPU.Build.0 = Debug|Any CPU
		{F3349ACB-4DAF-4292-A472-3D4550B17836}.Release|Any CPU.ActiveCfg = Release|Any CPU
		{F3349ACB-4DAF-4292-A472-3D4550B17836}.Release|Any CPU.Build.0 = Release|Any CPU
		{702FF8BD-874C-42E7-852E-F6A50D690075}.Debug|Any CPU.ActiveCfg = Debug|Any CPU
		{702FF8BD-874C-42E7-852E-F6A50D690075}.Debug|Any CPU.Build.0 = Debug|Any CPU
		{702FF8BD-874C-42E7-852E-F6A50D690075}.Release|Any CPU.ActiveCfg = Release|Any CPU
		{702FF8BD-874C-42E7-852E-F6A50D690075}.Release|Any CPU.Build.0 = Release|Any CPU
		{8DF07400-7CEF-4BBB-9367-F68F2998625A}.Debug|Any CPU.ActiveCfg = Debug|Any CPU
		{8DF07400-7CEF-4BBB-9367-F68F2998625A}.Debug|Any CPU.Build.0 = Debug|Any CPU
		{8DF07400-7CEF-4BBB-9367-F68F2998625A}.Release|Any CPU.ActiveCfg = Release|Any CPU
		{8DF07400-7CEF-4BBB-9367-F68F2998625A}.Release|Any CPU.Build.0 = Release|Any CPU
		{5F0BBB7F-9847-4217-8DF1-5319955CFDF7}.Debug|Any CPU.ActiveCfg = Debug|Any CPU
		{5F0BBB7F-9847-4217-8DF1-5319955CFDF7}.Debug|Any CPU.Build.0 = Debug|Any CPU
		{5F0BBB7F-9847-4217-8DF1-5319955CFDF7}.Release|Any CPU.ActiveCfg = Release|Any CPU
		{5F0BBB7F-9847-4217-8DF1-5319955CFDF7}.Release|Any CPU.Build.0 = Release|Any CPU
		{40B1A2DF-6547-4D8B-A0E2-1419DD671D65}.Debug|Any CPU.ActiveCfg = Debug|Any CPU
		{40B1A2DF-6547-4D8B-A0E2-1419DD671D65}.Debug|Any CPU.Build.0 = Debug|Any CPU
		{40B1A2DF-6547-4D8B-A0E2-1419DD671D65}.Release|Any CPU.ActiveCfg = Release|Any CPU
		{40B1A2DF-6547-4D8B-A0E2-1419DD671D65}.Release|Any CPU.Build.0 = Release|Any CPU
		{3C9937A7-D703-4E57-A90C-4EA263AD9E48}.Debug|Any CPU.ActiveCfg = Debug|Any CPU
		{3C9937A7-D703-4E57-A90C-4EA263AD9E48}.Debug|Any CPU.Build.0 = Debug|Any CPU
		{3C9937A7-D703-4E57-A90C-4EA263AD9E48}.Release|Any CPU.ActiveCfg = Release|Any CPU
		{3C9937A7-D703-4E57-A90C-4EA263AD9E48}.Release|Any CPU.Build.0 = Release|Any CPU
		{02B7D5D4-5475-4E19-8402-D92C8145268B}.Debug|Any CPU.ActiveCfg = Debug|Any CPU
		{02B7D5D4-5475-4E19-8402-D92C8145268B}.Debug|Any CPU.Build.0 = Debug|Any CPU
		{02B7D5D4-5475-4E19-8402-D92C8145268B}.Release|Any CPU.ActiveCfg = Release|Any CPU
		{02B7D5D4-5475-4E19-8402-D92C8145268B}.Release|Any CPU.Build.0 = Release|Any CPU
		{4845D817-4DF0-4AD3-ADE6-A69C543DAC9F}.Debug|Any CPU.ActiveCfg = Debug|Any CPU
		{4845D817-4DF0-4AD3-ADE6-A69C543DAC9F}.Debug|Any CPU.Build.0 = Debug|Any CPU
		{4845D817-4DF0-4AD3-ADE6-A69C543DAC9F}.Release|Any CPU.ActiveCfg = Release|Any CPU
		{4845D817-4DF0-4AD3-ADE6-A69C543DAC9F}.Release|Any CPU.Build.0 = Release|Any CPU
		{85506BEA-FF13-4F3E-96A4-AAFF5F903CFC}.Debug|Any CPU.ActiveCfg = Debug|Any CPU
		{85506BEA-FF13-4F3E-96A4-AAFF5F903CFC}.Debug|Any CPU.Build.0 = Debug|Any CPU
		{85506BEA-FF13-4F3E-96A4-AAFF5F903CFC}.Release|Any CPU.ActiveCfg = Release|Any CPU
		{85506BEA-FF13-4F3E-96A4-AAFF5F903CFC}.Release|Any CPU.Build.0 = Release|Any CPU
		{8E9E1254-E271-401F-9707-0CB926A0F152}.Debug|Any CPU.ActiveCfg = Debug|Any CPU
		{8E9E1254-E271-401F-9707-0CB926A0F152}.Debug|Any CPU.Build.0 = Debug|Any CPU
		{8E9E1254-E271-401F-9707-0CB926A0F152}.Release|Any CPU.ActiveCfg = Release|Any CPU
		{8E9E1254-E271-401F-9707-0CB926A0F152}.Release|Any CPU.Build.0 = Release|Any CPU
		{796F3139-08CF-4365-8CB1-A27E5C10CEC7}.Debug|Any CPU.ActiveCfg = Debug|Any CPU
		{796F3139-08CF-4365-8CB1-A27E5C10CEC7}.Debug|Any CPU.Build.0 = Debug|Any CPU
		{796F3139-08CF-4365-8CB1-A27E5C10CEC7}.Release|Any CPU.ActiveCfg = Release|Any CPU
		{796F3139-08CF-4365-8CB1-A27E5C10CEC7}.Release|Any CPU.Build.0 = Release|Any CPU
		{81EC4423-6A24-4ED0-8D44-48461BCC7C12}.Debug|Any CPU.ActiveCfg = Debug|Any CPU
		{81EC4423-6A24-4ED0-8D44-48461BCC7C12}.Debug|Any CPU.Build.0 = Debug|Any CPU
		{81EC4423-6A24-4ED0-8D44-48461BCC7C12}.Release|Any CPU.ActiveCfg = Release|Any CPU
		{81EC4423-6A24-4ED0-8D44-48461BCC7C12}.Release|Any CPU.Build.0 = Release|Any CPU
		{49FEE2EE-34B8-448D-BD59-EE3760067A70}.Debug|Any CPU.ActiveCfg = Debug|Any CPU
		{49FEE2EE-34B8-448D-BD59-EE3760067A70}.Debug|Any CPU.Build.0 = Debug|Any CPU
		{49FEE2EE-34B8-448D-BD59-EE3760067A70}.Release|Any CPU.ActiveCfg = Release|Any CPU
		{49FEE2EE-34B8-448D-BD59-EE3760067A70}.Release|Any CPU.Build.0 = Release|Any CPU
		{0B3705A5-CD37-4ED0-804C-B7125589844E}.Debug|Any CPU.ActiveCfg = Debug|Any CPU
		{0B3705A5-CD37-4ED0-804C-B7125589844E}.Debug|Any CPU.Build.0 = Debug|Any CPU
		{0B3705A5-CD37-4ED0-804C-B7125589844E}.Release|Any CPU.ActiveCfg = Release|Any CPU
		{0B3705A5-CD37-4ED0-804C-B7125589844E}.Release|Any CPU.Build.0 = Release|Any CPU
		{B0AB98EC-FA8B-4FCC-A6D4-F5C279FB32E4}.Debug|Any CPU.ActiveCfg = Debug|Any CPU
		{B0AB98EC-FA8B-4FCC-A6D4-F5C279FB32E4}.Debug|Any CPU.Build.0 = Debug|Any CPU
		{B0AB98EC-FA8B-4FCC-A6D4-F5C279FB32E4}.Release|Any CPU.ActiveCfg = Release|Any CPU
		{B0AB98EC-FA8B-4FCC-A6D4-F5C279FB32E4}.Release|Any CPU.Build.0 = Release|Any CPU
		{CB3643BE-233A-4DF9-8055-A42E9F292A69}.Debug|Any CPU.ActiveCfg = Debug|Any CPU
		{CB3643BE-233A-4DF9-8055-A42E9F292A69}.Debug|Any CPU.Build.0 = Debug|Any CPU
		{CB3643BE-233A-4DF9-8055-A42E9F292A69}.Release|Any CPU.ActiveCfg = Release|Any CPU
		{CB3643BE-233A-4DF9-8055-A42E9F292A69}.Release|Any CPU.Build.0 = Release|Any CPU
		{8F8892BB-1B73-415D-8B1D-68D71B3F717D}.Debug|Any CPU.ActiveCfg = Debug|Any CPU
		{8F8892BB-1B73-415D-8B1D-68D71B3F717D}.Debug|Any CPU.Build.0 = Debug|Any CPU
		{8F8892BB-1B73-415D-8B1D-68D71B3F717D}.Release|Any CPU.ActiveCfg = Release|Any CPU
		{8F8892BB-1B73-415D-8B1D-68D71B3F717D}.Release|Any CPU.Build.0 = Release|Any CPU
		{2E8FD0DA-22C7-4515-BACC-CD0813C9D14C}.Debug|Any CPU.ActiveCfg = Debug|Any CPU
		{2E8FD0DA-22C7-4515-BACC-CD0813C9D14C}.Debug|Any CPU.Build.0 = Debug|Any CPU
		{2E8FD0DA-22C7-4515-BACC-CD0813C9D14C}.Release|Any CPU.ActiveCfg = Release|Any CPU
		{2E8FD0DA-22C7-4515-BACC-CD0813C9D14C}.Release|Any CPU.Build.0 = Release|Any CPU
		{307B50CA-DFC9-4AAE-BF94-0FFF217894FC}.Debug|Any CPU.ActiveCfg = Debug|Any CPU
		{307B50CA-DFC9-4AAE-BF94-0FFF217894FC}.Debug|Any CPU.Build.0 = Debug|Any CPU
		{307B50CA-DFC9-4AAE-BF94-0FFF217894FC}.Release|Any CPU.ActiveCfg = Release|Any CPU
		{307B50CA-DFC9-4AAE-BF94-0FFF217894FC}.Release|Any CPU.Build.0 = Release|Any CPU
		{2CB21E0A-64B0-4510-A8A4-E3E5BFBBC8BD}.Debug|Any CPU.ActiveCfg = Debug|Any CPU
		{2CB21E0A-64B0-4510-A8A4-E3E5BFBBC8BD}.Debug|Any CPU.Build.0 = Debug|Any CPU
		{2CB21E0A-64B0-4510-A8A4-E3E5BFBBC8BD}.Release|Any CPU.ActiveCfg = Release|Any CPU
		{2CB21E0A-64B0-4510-A8A4-E3E5BFBBC8BD}.Release|Any CPU.Build.0 = Release|Any CPU
		{8F70C735-B66A-4BF0-A55E-8E166D37B7DF}.Debug|Any CPU.ActiveCfg = Debug|Any CPU
		{8F70C735-B66A-4BF0-A55E-8E166D37B7DF}.Debug|Any CPU.Build.0 = Debug|Any CPU
		{8F70C735-B66A-4BF0-A55E-8E166D37B7DF}.Release|Any CPU.ActiveCfg = Release|Any CPU
		{8F70C735-B66A-4BF0-A55E-8E166D37B7DF}.Release|Any CPU.Build.0 = Release|Any CPU
		{542A19A9-D8C2-4AD6-91DF-C6809C20942F}.Debug|Any CPU.ActiveCfg = Debug|Any CPU
		{542A19A9-D8C2-4AD6-91DF-C6809C20942F}.Debug|Any CPU.Build.0 = Debug|Any CPU
		{542A19A9-D8C2-4AD6-91DF-C6809C20942F}.Release|Any CPU.ActiveCfg = Release|Any CPU
		{542A19A9-D8C2-4AD6-91DF-C6809C20942F}.Release|Any CPU.Build.0 = Release|Any CPU
		{1C1E3CD4-96AE-4949-A5DB-28C24736C94E}.Debug|Any CPU.ActiveCfg = Debug|Any CPU
		{1C1E3CD4-96AE-4949-A5DB-28C24736C94E}.Debug|Any CPU.Build.0 = Debug|Any CPU
		{1C1E3CD4-96AE-4949-A5DB-28C24736C94E}.Release|Any CPU.ActiveCfg = Release|Any CPU
		{1C1E3CD4-96AE-4949-A5DB-28C24736C94E}.Release|Any CPU.Build.0 = Release|Any CPU
		{40BB295B-B4F7-4423-B036-338842A0C2C0}.Debug|Any CPU.ActiveCfg = Debug|Any CPU
		{40BB295B-B4F7-4423-B036-338842A0C2C0}.Debug|Any CPU.Build.0 = Debug|Any CPU
		{40BB295B-B4F7-4423-B036-338842A0C2C0}.Release|Any CPU.ActiveCfg = Release|Any CPU
		{40BB295B-B4F7-4423-B036-338842A0C2C0}.Release|Any CPU.Build.0 = Release|Any CPU
		{F9F9C320-710A-430C-8EC6-B02808C84A43}.Debug|Any CPU.ActiveCfg = Debug|Any CPU
		{F9F9C320-710A-430C-8EC6-B02808C84A43}.Debug|Any CPU.Build.0 = Debug|Any CPU
		{F9F9C320-710A-430C-8EC6-B02808C84A43}.Release|Any CPU.ActiveCfg = Release|Any CPU
		{F9F9C320-710A-430C-8EC6-B02808C84A43}.Release|Any CPU.Build.0 = Release|Any CPU
		{35523FA6-7D09-4D8F-B5B7-19DA3D6F47D5}.Debug|Any CPU.ActiveCfg = Debug|Any CPU
		{35523FA6-7D09-4D8F-B5B7-19DA3D6F47D5}.Debug|Any CPU.Build.0 = Debug|Any CPU
		{35523FA6-7D09-4D8F-B5B7-19DA3D6F47D5}.Release|Any CPU.ActiveCfg = Release|Any CPU
		{35523FA6-7D09-4D8F-B5B7-19DA3D6F47D5}.Release|Any CPU.Build.0 = Release|Any CPU
		{316E63A5-9702-4E93-9961-E725FF93F581}.Debug|Any CPU.ActiveCfg = Debug|Any CPU
		{316E63A5-9702-4E93-9961-E725FF93F581}.Debug|Any CPU.Build.0 = Debug|Any CPU
		{316E63A5-9702-4E93-9961-E725FF93F581}.Release|Any CPU.ActiveCfg = Release|Any CPU
		{316E63A5-9702-4E93-9961-E725FF93F581}.Release|Any CPU.Build.0 = Release|Any CPU
		{A9AC3DC9-DCA3-46A2-9FF8-090734313B87}.Debug|Any CPU.ActiveCfg = Debug|Any CPU
		{A9AC3DC9-DCA3-46A2-9FF8-090734313B87}.Debug|Any CPU.Build.0 = Debug|Any CPU
		{A9AC3DC9-DCA3-46A2-9FF8-090734313B87}.Release|Any CPU.ActiveCfg = Release|Any CPU
		{A9AC3DC9-DCA3-46A2-9FF8-090734313B87}.Release|Any CPU.Build.0 = Release|Any CPU
	EndGlobalSection
	GlobalSection(SolutionProperties) = preSolution
		HideSolutionNode = FALSE
	EndGlobalSection
	GlobalSection(NestedProjects) = preSolution
		{746B9694-6786-4EB4-91D2-04CB206064D0} = {71F246DA-57F4-47A7-9F43-396B470FE05A}
		{27256216-B319-4836-9070-422CE4F4B042} = {71F246DA-57F4-47A7-9F43-396B470FE05A}
		{BF78187F-563D-4271-9CB0-DF27BDB455CC} = {71F246DA-57F4-47A7-9F43-396B470FE05A}
		{0EB1B960-6A4C-4E3C-BB98-71F61CC2693F} = {71F246DA-57F4-47A7-9F43-396B470FE05A}
		{51743AF2-D92E-415D-A104-7E04075643B0} = {71F246DA-57F4-47A7-9F43-396B470FE05A}
		{40B1A2DF-6547-4D8B-A0E2-1419DD671D65} = {5747CBA8-76F6-4E79-B0B7-953220D2A718}
		{3C9937A7-D703-4E57-A90C-4EA263AD9E48} = {5747CBA8-76F6-4E79-B0B7-953220D2A718}
		{02B7D5D4-5475-4E19-8402-D92C8145268B} = {5747CBA8-76F6-4E79-B0B7-953220D2A718}
		{4845D817-4DF0-4AD3-ADE6-A69C543DAC9F} = {5747CBA8-76F6-4E79-B0B7-953220D2A718}
		{85506BEA-FF13-4F3E-96A4-AAFF5F903CFC} = {297F85BE-F51D-41DF-95E5-C700ED9152C8}
		{8E9E1254-E271-401F-9707-0CB926A0F152} = {297F85BE-F51D-41DF-95E5-C700ED9152C8}
		{796F3139-08CF-4365-8CB1-A27E5C10CEC7} = {297F85BE-F51D-41DF-95E5-C700ED9152C8}
		{81EC4423-6A24-4ED0-8D44-48461BCC7C12} = {2DB977D1-6C00-48CD-A4A6-14177C9ED4D6}
		{49FEE2EE-34B8-448D-BD59-EE3760067A70} = {2DB977D1-6C00-48CD-A4A6-14177C9ED4D6}
		{0B3705A5-CD37-4ED0-804C-B7125589844E} = {2DB977D1-6C00-48CD-A4A6-14177C9ED4D6}
		{B0AB98EC-FA8B-4FCC-A6D4-F5C279FB32E4} = {2DB977D1-6C00-48CD-A4A6-14177C9ED4D6}
		{CB3643BE-233A-4DF9-8055-A42E9F292A69} = {2DB977D1-6C00-48CD-A4A6-14177C9ED4D6}
		{8F8892BB-1B73-415D-8B1D-68D71B3F717D} = {2DB977D1-6C00-48CD-A4A6-14177C9ED4D6}
		{2E8FD0DA-22C7-4515-BACC-CD0813C9D14C} = {B7528753-F62B-42A9-8D1F-D03AE0DD9949}
		{307B50CA-DFC9-4AAE-BF94-0FFF217894FC} = {B7528753-F62B-42A9-8D1F-D03AE0DD9949}
		{2CB21E0A-64B0-4510-A8A4-E3E5BFBBC8BD} = {B7528753-F62B-42A9-8D1F-D03AE0DD9949}
		{8F70C735-B66A-4BF0-A55E-8E166D37B7DF} = {B7528753-F62B-42A9-8D1F-D03AE0DD9949}
		{542A19A9-D8C2-4AD6-91DF-C6809C20942F} = {5747CBA8-76F6-4E79-B0B7-953220D2A718}
		{1C1E3CD4-96AE-4949-A5DB-28C24736C94E} = {297F85BE-F51D-41DF-95E5-C700ED9152C8}
		{40BB295B-B4F7-4423-B036-338842A0C2C0} = {1A638131-C350-4F56-B7BE-7BF182F2741C}
		{F9F9C320-710A-430C-8EC6-B02808C84A43} = {1A638131-C350-4F56-B7BE-7BF182F2741C}
		{35523FA6-7D09-4D8F-B5B7-19DA3D6F47D5} = {1A638131-C350-4F56-B7BE-7BF182F2741C}
		{316E63A5-9702-4E93-9961-E725FF93F581} = {1A638131-C350-4F56-B7BE-7BF182F2741C}
		{A9AC3DC9-DCA3-46A2-9FF8-090734313B87} = {B7528753-F62B-42A9-8D1F-D03AE0DD9949}
	EndGlobalSection
	GlobalSection(ExtensibilityGlobals) = postSolution
		SolutionGuid = {BDD6659A-32F8-4085-AA8B-340D17435983}
	EndGlobalSection
EndGlobal
