
Microsoft Visual Studio Solution File, Format Version 12.00
# Visual Studio Version 17
VisualStudioVersion = 17.0.31903.59
MinimumVisualStudioVersion = 10.0.40219.1
Project("{9A19103F-16F7-4668-BE54-9A1E7A4F7556}") = "RecordHub.CatalogService.Api", "RecordHub.CatalogService.Api.csproj", "{783AF16B-C88A-46A7-8A03-82E392F81B1D}"
EndProject
Project("{9A19103F-16F7-4668-BE54-9A1E7A4F7556}") = "RecordHub.CatalogService.Application", "..\RecordHub.CatalogService.Application\RecordHub.CatalogService.Application.csproj", "{066932E9-72CA-4B6D-AC31-ED9B5EBE6CDE}"
EndProject
Project("{9A19103F-16F7-4668-BE54-9A1E7A4F7556}") = "RecordHub.CatalogService.Domain", "..\RecordHub.CatalogService.Domain\RecordHub.CatalogService.Domain.csproj", "{3F481B2B-8CE1-48C3-B54F-4D219B8128FF}"
EndProject
Project("{9A19103F-16F7-4668-BE54-9A1E7A4F7556}") = "RecordHub.CatalogService.Infrastructure", "..\RecordHub.CatalogService.Infrastructure\RecordHub.CatalogService.Infrastructure.csproj", "{D0801BC6-7010-40CC-BF64-4CAC0895CBF0}"
EndProject
Project("{9A19103F-16F7-4668-BE54-9A1E7A4F7556}") = "RecordHub.Shared", "..\..\RecordHub.Shared\RecordHub.Shared.csproj", "{512417AD-34F8-44FF-8FE8-B34C0A70E96E}"
EndProject
Global
	GlobalSection(SolutionConfigurationPlatforms) = preSolution
		Debug|Any CPU = Debug|Any CPU
		Release|Any CPU = Release|Any CPU
	EndGlobalSection
	GlobalSection(ProjectConfigurationPlatforms) = postSolution
		{783AF16B-C88A-46A7-8A03-82E392F81B1D}.Debug|Any CPU.ActiveCfg = Debug|Any CPU
		{783AF16B-C88A-46A7-8A03-82E392F81B1D}.Debug|Any CPU.Build.0 = Debug|Any CPU
		{783AF16B-C88A-46A7-8A03-82E392F81B1D}.Release|Any CPU.ActiveCfg = Release|Any CPU
		{783AF16B-C88A-46A7-8A03-82E392F81B1D}.Release|Any CPU.Build.0 = Release|Any CPU
		{066932E9-72CA-4B6D-AC31-ED9B5EBE6CDE}.Debug|Any CPU.ActiveCfg = Debug|Any CPU
		{066932E9-72CA-4B6D-AC31-ED9B5EBE6CDE}.Debug|Any CPU.Build.0 = Debug|Any CPU
		{066932E9-72CA-4B6D-AC31-ED9B5EBE6CDE}.Release|Any CPU.ActiveCfg = Release|Any CPU
		{066932E9-72CA-4B6D-AC31-ED9B5EBE6CDE}.Release|Any CPU.Build.0 = Release|Any CPU
		{3F481B2B-8CE1-48C3-B54F-4D219B8128FF}.Debug|Any CPU.ActiveCfg = Debug|Any CPU
		{3F481B2B-8CE1-48C3-B54F-4D219B8128FF}.Debug|Any CPU.Build.0 = Debug|Any CPU
		{3F481B2B-8CE1-48C3-B54F-4D219B8128FF}.Release|Any CPU.ActiveCfg = Release|Any CPU
		{3F481B2B-8CE1-48C3-B54F-4D219B8128FF}.Release|Any CPU.Build.0 = Release|Any CPU
		{D0801BC6-7010-40CC-BF64-4CAC0895CBF0}.Debug|Any CPU.ActiveCfg = Debug|Any CPU
		{D0801BC6-7010-40CC-BF64-4CAC0895CBF0}.Debug|Any CPU.Build.0 = Debug|Any CPU
		{D0801BC6-7010-40CC-BF64-4CAC0895CBF0}.Release|Any CPU.ActiveCfg = Release|Any CPU
		{D0801BC6-7010-40CC-BF64-4CAC0895CBF0}.Release|Any CPU.Build.0 = Release|Any CPU
		{512417AD-34F8-44FF-8FE8-B34C0A70E96E}.Debug|Any CPU.ActiveCfg = Debug|Any CPU
		{512417AD-34F8-44FF-8FE8-B34C0A70E96E}.Debug|Any CPU.Build.0 = Debug|Any CPU
		{512417AD-34F8-44FF-8FE8-B34C0A70E96E}.Release|Any CPU.ActiveCfg = Release|Any CPU
		{512417AD-34F8-44FF-8FE8-B34C0A70E96E}.Release|Any CPU.Build.0 = Release|Any CPU
	EndGlobalSection
	GlobalSection(SolutionProperties) = preSolution
		HideSolutionNode = FALSE
	EndGlobalSection
	GlobalSection(ExtensibilityGlobals) = postSolution
		SolutionGuid = {D85A437C-4A1D-4B37-A5EB-233160262B17}
	EndGlobalSection
EndGlobal
